<?xml version="1.0" encoding="UTF-8" standalone="yes" ?>
<CodeBlocks_project_file>
	<FileVersion major="1" minor="6" />
	<Project>
		<Option title="Bomberman" />
		<Option pch_mode="2" />
		<Option compiler="gcc" />
		<Option virtualFolders="GraphicsModule\;GraphicsModule\include\;GraphicsModule\src\;Others\;InputModule\;InputModule\src\;InputModule\include\;GameObjects_v2\;GameObjects_v2\src\;GameObjects_v2\include\;LogicModule\;LogicModule\src\;LogicModule\include\;Other\;Other\src\;Other\include\;EventModule\;MainModule\;MainModule\src\;MainModule\include\;EventModule\include\;EventModule\src\;AudioModule\;AudioModule\include\;AudioModule\src\;" />
		<Build>
			<Target title="Debug">
				<Option output="bin/Debug/Bomberman" prefix_auto="1" extension_auto="1" />
				<Option object_output="obj/Debug/" />
				<Option type="1" />
				<Option compiler="gcc" />
				<Compiler>
					<Add option="-Wall" />
					<Add option="-std=c++14" />
					<Add option="-g" />
					<Add directory="include" />
				</Compiler>
			</Target>
			<Target title="Release">
				<Option output="bin/Release/Bomberman" prefix_auto="1" extension_auto="1" />
				<Option object_output="obj/Release/" />
				<Option type="1" />
				<Option compiler="gcc" />
				<Compiler>
					<Add option="-O2" />
					<Add directory="include" />
				</Compiler>
				<Linker>
					<Add option="-s" />
				</Linker>
			</Target>
		</Build>
		<Compiler>
			<Add option="-O2" />
			<Add option="-Wall" />
			<Add option="-std=c++14" />
			<Add directory="C:/Dev_Libs/x86_64-w64-mingw32/include/SDL2" />
			<Add directory="include" />
			<Add directory="C:/Dev_Libs/cereal-1.2.1/include" />
			<Add directory="C:/Dev_Libs/lua-5.3.4/src" />
		</Compiler>
		<Linker>
			<Add option="-lmingw32 -lSDL2main -lSDL2 -lSDL2_image" />
			<Add directory="C:/Dev_Libs/x86_64-w64-mingw32/lib" />
		</Linker>
		<Unit filename="include/AppWindow.h">
			<Option virtualFolder="GraphicsModule/include/" />
		</Unit>
		<Unit filename="include/Component.h">
			<Option virtualFolder="GameObjects_v2/include/" />
		</Unit>
		<Unit filename="include/Constants.h">
			<Option virtualFolder="Other/include/" />
		</Unit>
		<Unit filename="include/ControllingSystem.h">
			<Option virtualFolder="LogicModule/include/" />
		</Unit>
		<Unit filename="include/DisplayManager.h">
			<Option virtualFolder="GraphicsModule/include/" />
		</Unit>
		<Unit filename="include/Entity.h">
			<Option virtualFolder="GameObjects_v2/include/" />
		</Unit>
		<Unit filename="include/EntityManager.h">
			<Option virtualFolder="GameObjects_v2/include/" />
		</Unit>
		<Unit filename="include/Enumerations.h">
			<Option virtualFolder="Other/include/" />
		</Unit>
		<Unit filename="include/EventManager.h">
			<Option virtualFolder="EventModule/include/" />
		</Unit>
		<Unit filename="include/GameInstance.h">
			<Option virtualFolder="MainModule/include/" />
		</Unit>
		<Unit filename="include/GraphicsManager.h">
			<Option virtualFolder="GraphicsModule/include/" />
		</Unit>
		<Unit filename="include/InputManager.h">
			<Option virtualFolder="InputModule/include/" />
		</Unit>
		<Unit filename="include/LogicManager.h">
			<Option virtualFolder="LogicModule/include/" />
		</Unit>
		<Unit filename="include/MiscFunctions.h">
			<Option virtualFolder="Other/include/" />
		</Unit>
		<Unit filename="include/ObjectFactory.h">
			<Option virtualFolder="GameObjects_v2/include/" />
		</Unit>
		<Unit filename="include/Structures.h">
			<Option virtualFolder="Other/include/" />
		</Unit>
		<Unit filename="include/Typedefs.h">
			<Option virtualFolder="Other/include/" />
		</Unit>
		<Unit filename="main.cpp" />
		<Unit filename="src/AppWindow.cpp">
			<Option virtualFolder="GraphicsModule/src/" />
		</Unit>
		<Unit filename="src/Component.cpp">
			<Option virtualFolder="GameObjects_v2/src/" />
		</Unit>
		<Unit filename="src/ControllingSystem.cpp">
			<Option virtualFolder="LogicModule/src/" />
		</Unit>
		<Unit filename="src/DisplayManager.cpp">
			<Option virtualFolder="GraphicsModule/src/" />
		</Unit>
		<Unit filename="src/Entity.cpp">
			<Option virtualFolder="GameObjects_v2/src/" />
		</Unit>
		<Unit filename="src/EntityManager.cpp">
			<Option virtualFolder="GameObjects_v2/src/" />
		</Unit>
		<Unit filename="src/EventManager.cpp">
			<Option virtualFolder="EventModule/src/" />
		</Unit>
		<Unit filename="src/GameInstance.cpp">
			<Option virtualFolder="MainModule/src/" />
		</Unit>
		<Unit filename="src/GraphicsManager.cpp">
			<Option virtualFolder="GraphicsModule/src/" />
		</Unit>
		<Unit filename="src/InputManager.cpp">
			<Option virtualFolder="InputModule/src/" />
		</Unit>
		<Unit filename="src/LogicManager.cpp">
			<Option virtualFolder="LogicModule/src/" />
		</Unit>
		<Unit filename="src/MiscFunctions.cpp">
			<Option virtualFolder="Other/src/" />
		</Unit>
		<Unit filename="src/ObjectFactory.cpp">
			<Option virtualFolder="GameObjects_v2/src/" />
		</Unit>
		<Extensions>
			<code_completion />
			<envvars />
			<debugger />
			<lib_finder disable_auto="1" />
		</Extensions>
	</Project>
</CodeBlocks_project_file>
