<?xml version="1.0" encoding="UTF-8" standalone="yes" ?>
<CodeBlocks_project_file>
	<FileVersion major="1" minor="6" />
	<Project>
		<Option title="Bomberman" />
		<Option pch_mode="2" />
		<Option compiler="gcc" />
		<Option virtualFolders="GraphicsModule\;GraphicsModule\include\;GraphicsModule\src\;Others\;GameObjects\;LogicModule\;LogicModule\src\;LogicModule\include\;Other\;Other\src\;Other\include\;EventModule\;MainModule\;MainModule\src\;MainModule\include\;EventModule\include\;EventModule\src\;AudioModule\;AudioModule\include\;AudioModule\src\;GameObjects\src\;GameObjects\include\;ScriptModule\;ScriptModule\src\;ScriptModule\include\;AI\;AI\src\;AI\include\;" />
		<Build>
			<Target title="Debug">
				<Option output="bin/Debug/Bomberman" prefix_auto="1" extension_auto="1" />
				<Option object_output="obj/Debug/" />
				<Option type="1" />
				<Option compiler="gcc" />
				<Compiler>
					<Add option="-Wall" />
					<Add option="-std=c++14" />
					<Add option="-g" />
					<Add directory="C:/Dev_Libs/x86_64-w64-mingw32/include/SDL2" />
					<Add directory="include" />
					<Add directory="C:/Dev_Libs/lua-5.3.3/include" />
					<Add directory="C:/Dev_Libs/LuaBridge" />
				</Compiler>
				<Linker>
					<Add option="-lmingw32 -lSDL2_gfx -lSDL2main -lSDL2 -lSDL2_image -lSDL2_ttf" />
					<Add library="C:/Dev_Libs/lua-5.3.3/liblua53.a" />
				</Linker>
			</Target>
			<Target title="Release">
				<Option output="bin/Release/Bomberman" prefix_auto="1" extension_auto="1" />
				<Option object_output="obj/Release/" />
				<Option type="1" />
				<Option compiler="gcc" />
				<Compiler>
					<Add option="-O2" />
					<Add directory="include" />
				</Compiler>
				<Linker>
					<Add option="-s" />
				</Linker>
			</Target>
		</Build>
		<Compiler>
			<Add option="-O2" />
			<Add option="-Wall" />
			<Add option="-std=c++14" />
			<Add directory="C:/Dev_Libs/x86_64-w64-mingw32/include/SDL2" />
			<Add directory="include" />
			<Add directory="C:/Dev_Libs/lua-5.3.3/include" />
			<Add directory="C:/Dev_Libs/LuaBridge/Source/LuaBridge" />
		</Compiler>
		<Linker>
			<Add option="-lmingw32 -lSDL2main -lSDL2 -lSDL2_image" />
			<Add library="C:/Dev_Libs/lua-5.3.3/liblua53.a" />
			<Add directory="C:/Dev_Libs/x86_64-w64-mingw32/lib" />
		</Linker>
		<Unit filename="include/Action.h">
			<Option virtualFolder="AI/include/" />
		</Unit>
		<Unit filename="include/AppWindow.h">
			<Option virtualFolder="GraphicsModule/include/" />
		</Unit>
		<Unit filename="include/AudioManager.h">
			<Option virtualFolder="AudioModule/include/" />
		</Unit>
		<Unit filename="include/Component.h">
			<Option virtualFolder="GameObjects/include/" />
		</Unit>
		<Unit filename="include/ComponentSystem.h">
			<Option virtualFolder="GameObjects/include/" />
		</Unit>
		<Unit filename="include/Components.h">
			<Option virtualFolder="GameObjects/include/" />
		</Unit>
		<Unit filename="include/Console.h">
			<Option virtualFolder="ScriptModule/include/" />
		</Unit>
		<Unit filename="include/Constants.h">
			<Option virtualFolder="Other/include/" />
		</Unit>
		<Unit filename="include/DisplayManager.h">
			<Option virtualFolder="GraphicsModule/include/" />
		</Unit>
		<Unit filename="include/Entity.h">
			<Option virtualFolder="GameObjects/include/" />
		</Unit>
		<Unit filename="include/EntityManager.h">
			<Option virtualFolder="GameObjects/include/" />
		</Unit>
		<Unit filename="include/Enumerations.h">
			<Option virtualFolder="Other/include/" />
		</Unit>
		<Unit filename="include/EventManager.h">
			<Option virtualFolder="EventModule/include/" />
		</Unit>
		<Unit filename="include/FSM.h">
			<Option virtualFolder="AI/include/" />
		</Unit>
		<Unit filename="include/FSMState.h">
			<Option virtualFolder="AI/include/" />
		</Unit>
		<Unit filename="include/GameInitializer.h" />
		<Unit filename="include/GameInstance.h">
			<Option virtualFolder="MainModule/include/" />
		</Unit>
		<Unit filename="include/GameState.h">
			<Option virtualFolder="MainModule/include/" />
		</Unit>
		<Unit filename="include/GoapAgent.h">
			<Option virtualFolder="AI/include/" />
		</Unit>
		<Unit filename="include/GoapPlanner.h">
			<Option virtualFolder="AI/include/" />
		</Unit>
		<Unit filename="include/GraphicsManager.h">
			<Option virtualFolder="GraphicsModule/include/" />
		</Unit>
		<Unit filename="include/MainMenuGS.h" />
		<Unit filename="include/MiscFunctions.h">
			<Option virtualFolder="Other/include/" />
		</Unit>
		<Unit filename="include/ObjectFactory.h">
			<Option virtualFolder="GameObjects/include/" />
		</Unit>
		<Unit filename="include/ResourceManager.h" />
		<Unit filename="include/ScriptSystem.h">
			<Option virtualFolder="ScriptModule/include/" />
		</Unit>
		<Unit filename="include/Structures.h">
			<Option virtualFolder="Other/include/" />
		</Unit>
		<Unit filename="include/Typedefs.h">
			<Option virtualFolder="Other/include/" />
		</Unit>
		<Unit filename="include/Views.h">
			<Option virtualFolder="GameObjects/include/" />
		</Unit>
		<Unit filename="main.cpp" />
		<Unit filename="src/Action.cpp">
			<Option virtualFolder="AI/src/" />
		</Unit>
		<Unit filename="src/AppWindow.cpp">
			<Option virtualFolder="GraphicsModule/src/" />
		</Unit>
		<Unit filename="src/AudioManager.cpp">
			<Option virtualFolder="AudioModule/src/" />
		</Unit>
		<Unit filename="src/ComponentSystem.cpp">
			<Option virtualFolder="GameObjects/src/" />
		</Unit>
		<Unit filename="src/Console.cpp">
			<Option virtualFolder="ScriptModule/src/" />
		</Unit>
		<Unit filename="src/DisplayManager.cpp">
			<Option virtualFolder="GraphicsModule/src/" />
		</Unit>
		<Unit filename="src/Entity.cpp">
			<Option virtualFolder="GameObjects/src/" />
		</Unit>
		<Unit filename="src/EntityManager.cpp">
			<Option virtualFolder="GameObjects/src/" />
		</Unit>
		<Unit filename="src/EventManager.cpp">
			<Option virtualFolder="EventModule/src/" />
		</Unit>
		<Unit filename="src/FSM.cpp">
			<Option virtualFolder="AI/src/" />
		</Unit>
		<Unit filename="src/FSMState.cpp">
			<Option virtualFolder="AI/src/" />
		</Unit>
		<Unit filename="src/GameInitializer.cpp" />
		<Unit filename="src/GameInstance.cpp">
			<Option virtualFolder="MainModule/src/" />
		</Unit>
		<Unit filename="src/GoapAgent.cpp">
			<Option virtualFolder="AI/src/" />
		</Unit>
		<Unit filename="src/GoapPlanner.cpp">
			<Option virtualFolder="AI/src/" />
		</Unit>
		<Unit filename="src/GraphicsManager.cpp">
			<Option virtualFolder="GraphicsModule/src/" />
		</Unit>
		<Unit filename="src/MainMenuGS.cpp" />
		<Unit filename="src/MiscFunctions.cpp">
			<Option virtualFolder="Other/src/" />
		</Unit>
		<Unit filename="src/ObjectFactory.cpp">
			<Option virtualFolder="GameObjects/src/" />
		</Unit>
		<Unit filename="src/ResourceManager.cpp" />
		<Unit filename="src/ScriptSystem.cpp">
			<Option virtualFolder="ScriptModule/src/" />
		</Unit>
		<Extensions>
			<code_completion />
			<envvars />
			<debugger />
			<lib_finder disable_auto="1" />
		</Extensions>
	</Project>
</CodeBlocks_project_file>
